
Microsoft Visual Studio Solution File, Format Version 12.00
# Visual Studio 2013
VisualStudioVersion = 12.0.30501.0
MinimumVisualStudioVersion = 10.0.40219.1
Project("{2150E333-8FDC-42A3-9474-1A3956D46DE8}") = "References", "References", "{83B52027-C2CE-459B-B2D6-171D30532F57}"
	ProjectSection(SolutionItems) = preProject
		References\BluffinMuffin.Protocol.DataTypes.dll = References\BluffinMuffin.Protocol.DataTypes.dll
		References\BluffinMuffin.Protocol.dll = References\BluffinMuffin.Protocol.dll
		References\BluffinMuffin.Protocol.Tests.DataTypes.dll = References\BluffinMuffin.Protocol.Tests.DataTypes.dll
		References\Com.Ericmas001.Collections.dll = References\Com.Ericmas001.Collections.dll
		References\Com.Ericmas001.Games.dll = References\Com.Ericmas001.Games.dll
		References\Com.Ericmas001.Games.Windows.Forms.dll = References\Com.Ericmas001.Games.Windows.Forms.dll
		References\Com.Ericmas001.Net.Protocol.dll = References\Com.Ericmas001.Net.Protocol.dll
		References\Com.Ericmas001.Util.dll = References\Com.Ericmas001.Util.dll
		References\Com.Ericmas001.Windows.Forms.dll = References\Com.Ericmas001.Windows.Forms.dll
	EndProjectSection
EndProject
Project("{FAE04EC0-301F-11D3-BF4B-00C04F79EFBC}") = "BluffinMuffin.Client", "BluffinMuffin.Client\BluffinMuffin.Client.csproj", "{E1AE34E6-D758-4839-A647-B6630B000DB8}"
EndProject
Project("{FAE04EC0-301F-11D3-BF4B-00C04F79EFBC}") = "BluffinMuffin.Client.Protocol", "BluffinMuffin.Client.Protocol\BluffinMuffin.Client.Protocol.csproj", "{29F0952B-EF3C-465F-94D7-2DB43C8116E4}"
EndProject
Project("{FAE04EC0-301F-11D3-BF4B-00C04F79EFBC}") = "BluffinMuffin.Client.Windows.Forms", "BluffinMuffin.Client.Windows.Forms\BluffinMuffin.Client.Windows.Forms.csproj", "{CA68E0E9-2B64-4FDE-8805-2AE2970B5A15}"
EndProject
Project("{FAE04EC0-301F-11D3-BF4B-00C04F79EFBC}") = "BluffinMuffin.Client.DataTypes", "BluffinMuffin.Client.DataTypes\BluffinMuffin.Client.DataTypes.csproj", "{12D7D514-4C0F-49FE-8F9B-5D3267AD5AC9}"
EndProject
Global
	GlobalSection(SolutionConfigurationPlatforms) = preSolution
		Debug|Any CPU = Debug|Any CPU
		Debug|Mixed Platforms = Debug|Mixed Platforms
		Debug|x86 = Debug|x86
		Release|Any CPU = Release|Any CPU
		Release|Mixed Platforms = Release|Mixed Platforms
		Release|x86 = Release|x86
		TestLive|Any CPU = TestLive|Any CPU
		TestLive|Mixed Platforms = TestLive|Mixed Platforms
		TestLive|x86 = TestLive|x86
	EndGlobalSection
	GlobalSection(ProjectConfigurationPlatforms) = postSolution
		{E1AE34E6-D758-4839-A647-B6630B000DB8}.Debug|Any CPU.ActiveCfg = Debug|Any CPU
		{E1AE34E6-D758-4839-A647-B6630B000DB8}.Debug|Any CPU.Build.0 = Debug|Any CPU
		{E1AE34E6-D758-4839-A647-B6630B000DB8}.Debug|Mixed Platforms.ActiveCfg = Debug|Any CPU
		{E1AE34E6-D758-4839-A647-B6630B000DB8}.Debug|Mixed Platforms.Build.0 = Debug|Any CPU
		{E1AE34E6-D758-4839-A647-B6630B000DB8}.Debug|x86.ActiveCfg = Debug|Any CPU
		{E1AE34E6-D758-4839-A647-B6630B000DB8}.Release|Any CPU.ActiveCfg = Release|Any CPU
		{E1AE34E6-D758-4839-A647-B6630B000DB8}.Release|Any CPU.Build.0 = Release|Any CPU
		{E1AE34E6-D758-4839-A647-B6630B000DB8}.Release|Mixed Platforms.ActiveCfg = Release|Any CPU
		{E1AE34E6-D758-4839-A647-B6630B000DB8}.Release|Mixed Platforms.Build.0 = Release|Any CPU
		{E1AE34E6-D758-4839-A647-B6630B000DB8}.Release|x86.ActiveCfg = Release|Any CPU
		{E1AE34E6-D758-4839-A647-B6630B000DB8}.TestLive|Any CPU.ActiveCfg = Release|Any CPU
		{E1AE34E6-D758-4839-A647-B6630B000DB8}.TestLive|Any CPU.Build.0 = Release|Any CPU
		{E1AE34E6-D758-4839-A647-B6630B000DB8}.TestLive|Mixed Platforms.ActiveCfg = Release|Any CPU
		{E1AE34E6-D758-4839-A647-B6630B000DB8}.TestLive|Mixed Platforms.Build.0 = Release|Any CPU
		{E1AE34E6-D758-4839-A647-B6630B000DB8}.TestLive|x86.ActiveCfg = Release|Any CPU
		{29F0952B-EF3C-465F-94D7-2DB43C8116E4}.Debug|Any CPU.ActiveCfg = Debug|Any CPU
		{29F0952B-EF3C-465F-94D7-2DB43C8116E4}.Debug|Any CPU.Build.0 = Debug|Any CPU
		{29F0952B-EF3C-465F-94D7-2DB43C8116E4}.Debug|Mixed Platforms.ActiveCfg = Debug|Any CPU
		{29F0952B-EF3C-465F-94D7-2DB43C8116E4}.Debug|Mixed Platforms.Build.0 = Debug|Any CPU
		{29F0952B-EF3C-465F-94D7-2DB43C8116E4}.Debug|x86.ActiveCfg = Debug|Any CPU
		{29F0952B-EF3C-465F-94D7-2DB43C8116E4}.Release|Any CPU.ActiveCfg = Release|Any CPU
		{29F0952B-EF3C-465F-94D7-2DB43C8116E4}.Release|Any CPU.Build.0 = Release|Any CPU
		{29F0952B-EF3C-465F-94D7-2DB43C8116E4}.Release|Mixed Platforms.ActiveCfg = Release|Any CPU
		{29F0952B-EF3C-465F-94D7-2DB43C8116E4}.Release|Mixed Platforms.Build.0 = Release|Any CPU
		{29F0952B-EF3C-465F-94D7-2DB43C8116E4}.Release|x86.ActiveCfg = Release|Any CPU
		{29F0952B-EF3C-465F-94D7-2DB43C8116E4}.TestLive|Any CPU.ActiveCfg = Release|Any CPU
		{29F0952B-EF3C-465F-94D7-2DB43C8116E4}.TestLive|Any CPU.Build.0 = Release|Any CPU
		{29F0952B-EF3C-465F-94D7-2DB43C8116E4}.TestLive|Mixed Platforms.ActiveCfg = Release|Any CPU
		{29F0952B-EF3C-465F-94D7-2DB43C8116E4}.TestLive|Mixed Platforms.Build.0 = Release|Any CPU
		{29F0952B-EF3C-465F-94D7-2DB43C8116E4}.TestLive|x86.ActiveCfg = Release|Any CPU
		{CA68E0E9-2B64-4FDE-8805-2AE2970B5A15}.Debug|Any CPU.ActiveCfg = Debug|Any CPU
		{CA68E0E9-2B64-4FDE-8805-2AE2970B5A15}.Debug|Any CPU.Build.0 = Debug|Any CPU
		{CA68E0E9-2B64-4FDE-8805-2AE2970B5A15}.Debug|Mixed Platforms.ActiveCfg = Debug|Any CPU
		{CA68E0E9-2B64-4FDE-8805-2AE2970B5A15}.Debug|Mixed Platforms.Build.0 = Debug|Any CPU
		{CA68E0E9-2B64-4FDE-8805-2AE2970B5A15}.Debug|x86.ActiveCfg = Debug|Any CPU
		{CA68E0E9-2B64-4FDE-8805-2AE2970B5A15}.Release|Any CPU.ActiveCfg = Release|Any CPU
		{CA68E0E9-2B64-4FDE-8805-2AE2970B5A15}.Release|Any CPU.Build.0 = Release|Any CPU
		{CA68E0E9-2B64-4FDE-8805-2AE2970B5A15}.Release|Mixed Platforms.ActiveCfg = Release|Any CPU
		{CA68E0E9-2B64-4FDE-8805-2AE2970B5A15}.Release|Mixed Platforms.Build.0 = Release|Any CPU
		{CA68E0E9-2B64-4FDE-8805-2AE2970B5A15}.Release|x86.ActiveCfg = Release|Any CPU
		{CA68E0E9-2B64-4FDE-8805-2AE2970B5A15}.TestLive|Any CPU.ActiveCfg = Release|Any CPU
		{CA68E0E9-2B64-4FDE-8805-2AE2970B5A15}.TestLive|Any CPU.Build.0 = Release|Any CPU
		{CA68E0E9-2B64-4FDE-8805-2AE2970B5A15}.TestLive|Mixed Platforms.ActiveCfg = Release|Any CPU
		{CA68E0E9-2B64-4FDE-8805-2AE2970B5A15}.TestLive|Mixed Platforms.Build.0 = Release|Any CPU
		{CA68E0E9-2B64-4FDE-8805-2AE2970B5A15}.TestLive|x86.ActiveCfg = Release|Any CPU
		{12D7D514-4C0F-49FE-8F9B-5D3267AD5AC9}.Debug|Any CPU.ActiveCfg = Debug|Any CPU
		{12D7D514-4C0F-49FE-8F9B-5D3267AD5AC9}.Debug|Any CPU.Build.0 = Debug|Any CPU
		{12D7D514-4C0F-49FE-8F9B-5D3267AD5AC9}.Debug|Mixed Platforms.ActiveCfg = Debug|Any CPU
		{12D7D514-4C0F-49FE-8F9B-5D3267AD5AC9}.Debug|Mixed Platforms.Build.0 = Debug|Any CPU
		{12D7D514-4C0F-49FE-8F9B-5D3267AD5AC9}.Debug|x86.ActiveCfg = Debug|Any CPU
		{12D7D514-4C0F-49FE-8F9B-5D3267AD5AC9}.Release|Any CPU.ActiveCfg = Release|Any CPU
		{12D7D514-4C0F-49FE-8F9B-5D3267AD5AC9}.Release|Any CPU.Build.0 = Release|Any CPU
		{12D7D514-4C0F-49FE-8F9B-5D3267AD5AC9}.Release|Mixed Platforms.ActiveCfg = Release|Any CPU
		{12D7D514-4C0F-49FE-8F9B-5D3267AD5AC9}.Release|Mixed Platforms.Build.0 = Release|Any CPU
		{12D7D514-4C0F-49FE-8F9B-5D3267AD5AC9}.Release|x86.ActiveCfg = Release|Any CPU
		{12D7D514-4C0F-49FE-8F9B-5D3267AD5AC9}.TestLive|Any CPU.ActiveCfg = Release|Any CPU
		{12D7D514-4C0F-49FE-8F9B-5D3267AD5AC9}.TestLive|Any CPU.Build.0 = Release|Any CPU
		{12D7D514-4C0F-49FE-8F9B-5D3267AD5AC9}.TestLive|Mixed Platforms.ActiveCfg = Release|Any CPU
		{12D7D514-4C0F-49FE-8F9B-5D3267AD5AC9}.TestLive|Mixed Platforms.Build.0 = Release|Any CPU
		{12D7D514-4C0F-49FE-8F9B-5D3267AD5AC9}.TestLive|x86.ActiveCfg = Release|Any CPU
	EndGlobalSection
	GlobalSection(SolutionProperties) = preSolution
		HideSolutionNode = FALSE
	EndGlobalSection
EndGlobal
